version = 1
revision = 5
requires-python = ">=3.12"

[[package]]
name = "pkg-a"
version = "0.1.0"
source = { directory = "pkg-a" }

[[package]]
name = "vm3-uv-dangling-app"
version = "0.1.0"
source = { virtual = "." }
dependencies = [
    { name = "pkg-a" },
]

[package.metadata]
requires-dist = [{ name = "pkg-a", directory = "pkg-a" }]
