lockfileVersion: '9.0'

settings:
  autoInstallPeers: true
  excludeLinksFromLockfile: false

importers:

  .: {}

  packages/api:
    dependencies:
      lodash:
        specifier: 4.17.20
        version: 4.17.20

  packages/web:
    dependencies:
      lodash:
        specifier: 4.17.19
        version: 4.17.19

packages:

  lodash@4.17.19:
    resolution: {integrity: sha512-JNvd8XER9GQX0v2qJgsaN/mzFCNA5BRe/j8JN9d+tWyGLSodKQHKFicdwNYzWwI3wjRnaKPsGj1XkBjx/F96DQ==}

  lodash@4.17.20:
    resolution: {integrity: sha512-PlhdFcillOINfeV7Ni6oF1TAEayyZBoZ8bcshTHqOYJYlrqzRK5hagpagky5o4HfCzzd1TRkXPMFq6cKk9rGmA==}

snapshots:

  lodash@4.17.19: {}

  lodash@4.17.20: {}
