lockfileVersion: '9.0'

settings:
  autoInstallPeers: true
  excludeLinksFromLockfile: false

importers:

  .:
    dependencies:
      guard:
        specifier: npm:lodash-es@4.17.20
        version: lodash-es@4.17.20

packages:

  lodash-es@4.17.20:
    resolution: {integrity: sha512-JD1COMZsq8maT6mnuz1UMV0jvYD0E0aUsSOdrr1/nAG3dhqQXwRRgeW0cSqH1U43INKcqxaiVIQNOUDld7gRDA==}

snapshots:

  lodash-es@4.17.20: {}
